
Microsoft Visual Studio Solution File, Format Version 12.00
# Visual Studio Version 17
VisualStudioVersion = 17.4.33213.308
MinimumVisualStudioVersion = 10.0.40219.1
Project("{FAE04EC0-301F-11D3-BF4B-00C04F79EFBC}") = "BookReviews.Web", "BookReviews.Web\BookReviews.Web.csproj", "{56CA6BA9-F01F-496B-9619-85EF26C9C124}"
EndProject
Project("{FAE04EC0-301F-11D3-BF4B-00C04F79EFBC}") = "BookReviews.Impl", "BookReviews.Impl\BookReviews.Impl.csproj", "{FA65A56C-2C32-4BA7-BD14-5A8F2C899945}"
EndProject
Global
	GlobalSection(SolutionConfigurationPlatforms) = preSolution
		Debug|Any CPU = Debug|Any CPU
		Release|Any CPU = Release|Any CPU
	EndGlobalSection
	GlobalSection(ProjectConfigurationPlatforms) = postSolution
		{56CA6BA9-F01F-496B-9619-85EF26C9C124}.Debug|Any CPU.ActiveCfg = Debug|Any CPU
		{56CA6BA9-F01F-496B-9619-85EF26C9C124}.Debug|Any CPU.Build.0 = Debug|Any CPU
		{56CA6BA9-F01F-496B-9619-85EF26C9C124}.Release|Any CPU.ActiveCfg = Release|Any CPU
		{56CA6BA9-F01F-496B-9619-85EF26C9C124}.Release|Any CPU.Build.0 = Release|Any CPU
		{FA65A56C-2C32-4BA7-BD14-5A8F2C899945}.Debug|Any CPU.ActiveCfg = Debug|Any CPU
		{FA65A56C-2C32-4BA7-BD14-5A8F2C899945}.Debug|Any CPU.Build.0 = Debug|Any CPU
		{FA65A56C-2C32-4BA7-BD14-5A8F2C899945}.Release|Any CPU.ActiveCfg = Release|Any CPU
		{FA65A56C-2C32-4BA7-BD14-5A8F2C899945}.Release|Any CPU.Build.0 = Release|Any CPU
	EndGlobalSection
	GlobalSection(SolutionProperties) = preSolution
		HideSolutionNode = FALSE
	EndGlobalSection
	GlobalSection(ExtensibilityGlobals) = postSolution
		SolutionGuid = {B6DDDAFB-8B2E-495E-9DCE-A5A5D6E659A4}
	EndGlobalSection
EndGlobal
